
Microsoft Visual Studio Solution File, Format Version 12.00
# Visual Studio Version 17
VisualStudioVersion = 17.9.34728.123
MinimumVisualStudioVersion = 10.0.40219.1
Project("{2150E333-8FDC-42A3-9474-1A3956D46DE8}") = "Services", "Services", "{BBEDFFE2-D90B-4A45-BFDF-06605C45C031}"
EndProject
Project("{2150E333-8FDC-42A3-9474-1A3956D46DE8}") = "Catalog", "Catalog", "{40415B59-35A4-4C1B-85F1-095C347CADE0}"
EndProject
Project("{9A19103F-16F7-4668-BE54-9A1E7A4F7556}") = "Catalog.API", "Services\Catalog\Catalog.API\Catalog.API.csproj", "{482BC952-BB2E-47A0-9429-51DDD382639E}"
EndProject
Project("{2150E333-8FDC-42A3-9474-1A3956D46DE8}") = "BuildingBlocks", "BuildingBlocks", "{2B2763CF-55FF-4740-BB34-C97BC8A56140}"
EndProject
Project("{9A19103F-16F7-4668-BE54-9A1E7A4F7556}") = "BuildingBlocks", "BuildingBlocks\BuildingBlocks\BuildingBlocks.csproj", "{4AA97A15-09A7-4D94-89E0-2346FF2F4E32}"
EndProject
Project("{E53339B2-1760-4266-BCC7-CA923CBCF16C}") = "docker-compose", "docker-compose.dcproj", "{F148D12F-0257-421B-B05F-C5585D706A63}"
EndProject
Project("{2150E333-8FDC-42A3-9474-1A3956D46DE8}") = "Basket", "Basket", "{6C2AE381-79EE-409D-AAD5-9A619FF96869}"
EndProject
Project("{9A19103F-16F7-4668-BE54-9A1E7A4F7556}") = "Basket.API", "Services\Basket\Basket.API\Basket.API.csproj", "{555996DE-CC34-475D-917F-71B38EDC1AE7}"
EndProject
Project("{2150E333-8FDC-42A3-9474-1A3956D46DE8}") = "Discount", "Discount", "{099799BB-98AB-4D41-8ECA-0E01B7F9B176}"
EndProject
Project("{9A19103F-16F7-4668-BE54-9A1E7A4F7556}") = "Discount.Grpc", "Services\Discount\Discount.Grpc\Discount.Grpc.csproj", "{2D734D1B-FC42-4369-AF51-AB3D8D4C1AEC}"
EndProject
Project("{2150E333-8FDC-42A3-9474-1A3956D46DE8}") = "Ordering", "Ordering", "{01FC1E7B-7B0A-443F-87DC-2EC67CBD8A13}"
EndProject
Project("{FAE04EC0-301F-11D3-BF4B-00C04F79EFBC}") = "Ordering.API", "Services\Ordering\Ordering.API\Ordering.API.csproj", "{A9012525-1D5D-4F31-BA9E-C6AD9A6E2012}"
EndProject
Project("{FAE04EC0-301F-11D3-BF4B-00C04F79EFBC}") = "Ordering.Domain", "Services\Ordering\Ordering.Domain\Ordering.Domain.csproj", "{094F3A95-6D77-4E2C-AFB7-7B0A04583232}"
EndProject
Project("{FAE04EC0-301F-11D3-BF4B-00C04F79EFBC}") = "Ordering.Application", "Services\Ordering\Ordering.Application\Ordering.Application.csproj", "{41A9079D-C8DF-4A7B-B470-8EC19001F128}"
EndProject
Project("{FAE04EC0-301F-11D3-BF4B-00C04F79EFBC}") = "Ordering.Infrastructure", "Services\Ordering\Ordering.Infrastructure\Ordering.Infrastructure.csproj", "{2C2516E7-9016-4CFE-976B-83454DF3BB65}"
EndProject
Global
	GlobalSection(SolutionConfigurationPlatforms) = preSolution
		Debug|Any CPU = Debug|Any CPU
		Release|Any CPU = Release|Any CPU
	EndGlobalSection
	GlobalSection(ProjectConfigurationPlatforms) = postSolution
		{482BC952-BB2E-47A0-9429-51DDD382639E}.Debug|Any CPU.ActiveCfg = Debug|Any CPU
		{482BC952-BB2E-47A0-9429-51DDD382639E}.Debug|Any CPU.Build.0 = Debug|Any CPU
		{482BC952-BB2E-47A0-9429-51DDD382639E}.Release|Any CPU.ActiveCfg = Release|Any CPU
		{482BC952-BB2E-47A0-9429-51DDD382639E}.Release|Any CPU.Build.0 = Release|Any CPU
		{4AA97A15-09A7-4D94-89E0-2346FF2F4E32}.Debug|Any CPU.ActiveCfg = Debug|Any CPU
		{4AA97A15-09A7-4D94-89E0-2346FF2F4E32}.Debug|Any CPU.Build.0 = Debug|Any CPU
		{4AA97A15-09A7-4D94-89E0-2346FF2F4E32}.Release|Any CPU.ActiveCfg = Release|Any CPU
		{4AA97A15-09A7-4D94-89E0-2346FF2F4E32}.Release|Any CPU.Build.0 = Release|Any CPU
		{F148D12F-0257-421B-B05F-C5585D706A63}.Debug|Any CPU.ActiveCfg = Debug|Any CPU
		{F148D12F-0257-421B-B05F-C5585D706A63}.Debug|Any CPU.Build.0 = Debug|Any CPU
		{F148D12F-0257-421B-B05F-C5585D706A63}.Release|Any CPU.ActiveCfg = Release|Any CPU
		{F148D12F-0257-421B-B05F-C5585D706A63}.Release|Any CPU.Build.0 = Release|Any CPU
		{555996DE-CC34-475D-917F-71B38EDC1AE7}.Debug|Any CPU.ActiveCfg = Debug|Any CPU
		{555996DE-CC34-475D-917F-71B38EDC1AE7}.Debug|Any CPU.Build.0 = Debug|Any CPU
		{555996DE-CC34-475D-917F-71B38EDC1AE7}.Release|Any CPU.ActiveCfg = Release|Any CPU
		{555996DE-CC34-475D-917F-71B38EDC1AE7}.Release|Any CPU.Build.0 = Release|Any CPU
		{2D734D1B-FC42-4369-AF51-AB3D8D4C1AEC}.Debug|Any CPU.ActiveCfg = Debug|Any CPU
		{2D734D1B-FC42-4369-AF51-AB3D8D4C1AEC}.Debug|Any CPU.Build.0 = Debug|Any CPU
		{2D734D1B-FC42-4369-AF51-AB3D8D4C1AEC}.Release|Any CPU.ActiveCfg = Release|Any CPU
		{2D734D1B-FC42-4369-AF51-AB3D8D4C1AEC}.Release|Any CPU.Build.0 = Release|Any CPU
		{A9012525-1D5D-4F31-BA9E-C6AD9A6E2012}.Debug|Any CPU.ActiveCfg = Debug|Any CPU
		{A9012525-1D5D-4F31-BA9E-C6AD9A6E2012}.Debug|Any CPU.Build.0 = Debug|Any CPU
		{A9012525-1D5D-4F31-BA9E-C6AD9A6E2012}.Release|Any CPU.ActiveCfg = Release|Any CPU
		{A9012525-1D5D-4F31-BA9E-C6AD9A6E2012}.Release|Any CPU.Build.0 = Release|Any CPU
		{094F3A95-6D77-4E2C-AFB7-7B0A04583232}.Debug|Any CPU.ActiveCfg = Debug|Any CPU
		{094F3A95-6D77-4E2C-AFB7-7B0A04583232}.Debug|Any CPU.Build.0 = Debug|Any CPU
		{094F3A95-6D77-4E2C-AFB7-7B0A04583232}.Release|Any CPU.ActiveCfg = Release|Any CPU
		{094F3A95-6D77-4E2C-AFB7-7B0A04583232}.Release|Any CPU.Build.0 = Release|Any CPU
		{41A9079D-C8DF-4A7B-B470-8EC19001F128}.Debug|Any CPU.ActiveCfg = Debug|Any CPU
		{41A9079D-C8DF-4A7B-B470-8EC19001F128}.Debug|Any CPU.Build.0 = Debug|Any CPU
		{41A9079D-C8DF-4A7B-B470-8EC19001F128}.Release|Any CPU.ActiveCfg = Release|Any CPU
		{41A9079D-C8DF-4A7B-B470-8EC19001F128}.Release|Any CPU.Build.0 = Release|Any CPU
		{2C2516E7-9016-4CFE-976B-83454DF3BB65}.Debug|Any CPU.ActiveCfg = Debug|Any CPU
		{2C2516E7-9016-4CFE-976B-83454DF3BB65}.Debug|Any CPU.Build.0 = Debug|Any CPU
		{2C2516E7-9016-4CFE-976B-83454DF3BB65}.Release|Any CPU.ActiveCfg = Release|Any CPU
		{2C2516E7-9016-4CFE-976B-83454DF3BB65}.Release|Any CPU.Build.0 = Release|Any CPU
	EndGlobalSection
	GlobalSection(SolutionProperties) = preSolution
		HideSolutionNode = FALSE
	EndGlobalSection
	GlobalSection(NestedProjects) = preSolution
		{40415B59-35A4-4C1B-85F1-095C347CADE0} = {BBEDFFE2-D90B-4A45-BFDF-06605C45C031}
		{482BC952-BB2E-47A0-9429-51DDD382639E} = {40415B59-35A4-4C1B-85F1-095C347CADE0}
		{4AA97A15-09A7-4D94-89E0-2346FF2F4E32} = {2B2763CF-55FF-4740-BB34-C97BC8A56140}
		{6C2AE381-79EE-409D-AAD5-9A619FF96869} = {BBEDFFE2-D90B-4A45-BFDF-06605C45C031}
		{555996DE-CC34-475D-917F-71B38EDC1AE7} = {6C2AE381-79EE-409D-AAD5-9A619FF96869}
		{099799BB-98AB-4D41-8ECA-0E01B7F9B176} = {BBEDFFE2-D90B-4A45-BFDF-06605C45C031}
		{2D734D1B-FC42-4369-AF51-AB3D8D4C1AEC} = {099799BB-98AB-4D41-8ECA-0E01B7F9B176}
		{01FC1E7B-7B0A-443F-87DC-2EC67CBD8A13} = {BBEDFFE2-D90B-4A45-BFDF-06605C45C031}
		{A9012525-1D5D-4F31-BA9E-C6AD9A6E2012} = {01FC1E7B-7B0A-443F-87DC-2EC67CBD8A13}
		{094F3A95-6D77-4E2C-AFB7-7B0A04583232} = {01FC1E7B-7B0A-443F-87DC-2EC67CBD8A13}
		{41A9079D-C8DF-4A7B-B470-8EC19001F128} = {01FC1E7B-7B0A-443F-87DC-2EC67CBD8A13}
		{2C2516E7-9016-4CFE-976B-83454DF3BB65} = {01FC1E7B-7B0A-443F-87DC-2EC67CBD8A13}
	EndGlobalSection
	GlobalSection(ExtensibilityGlobals) = postSolution
		SolutionGuid = {5E1F312F-9CF6-4A26-BCB8-2760DC822517}
	EndGlobalSection
EndGlobal
